
Microsoft Visual Studio Solution File, Format Version 12.00
# Visual Studio Version 17
VisualStudioVersion = 17.9.34728.123
MinimumVisualStudioVersion = 10.0.40219.1
Project("{9A19103F-16F7-4668-BE54-9A1E7A4F7556}") = "webrequest_res_demo", "webrequest_res_demo\webrequest_res_demo.csproj", "{94764D67-1D0D-4F3C-8907-9C965FCA56FF}"
EndProject
Project("{9A19103F-16F7-4668-BE54-9A1E7A4F7556}") = "slot1_DemoHttpClient", "slot1_httpclientClass\slot1_DemoHttpClient.csproj", "{A4C306AF-9063-4ED7-8D83-F5C76C834507}"
EndProject
Project("{9A19103F-16F7-4668-BE54-9A1E7A4F7556}") = "ServerApp", "ServerApp\ServerApp.csproj", "{4D64A992-9928-46C1-85AC-B7BAA371C0CC}"
EndProject
Project("{9A19103F-16F7-4668-BE54-9A1E7A4F7556}") = "ClientApp", "ClientApp\ClientApp.csproj", "{41EFB872-3A4B-4D65-8592-4CBDCDE13FAB}"
EndProject
Project("{FAE04EC0-301F-11D3-BF4B-00C04F79EFBC}") = "Slot3_UsingTaskDemonstration01", "Slot2_UsingTaskDemonstration01\Slot3_UsingTaskDemonstration01.csproj", "{945D2B96-BED6-436E-A7CD-A60A7183B68C}"
EndProject
Project("{FAE04EC0-301F-11D3-BF4B-00C04F79EFBC}") = "Slot3_UsingTaskDemonstration02", "Slot2_UsingTaskDemonstration02\Slot3_UsingTaskDemonstration02.csproj", "{867305BE-60D2-4F8B-A553-17C35E160A6A}"
EndProject
Project("{FAE04EC0-301F-11D3-BF4B-00C04F79EFBC}") = "Slot3_UsingTaskDemonstration03", "Slot2_UsingTaskDemonstration03\Slot3_UsingTaskDemonstration03.csproj", "{E81A8DFB-1EF7-4A07-8C94-F7398EC6CB56}"
EndProject
Project("{FAE04EC0-301F-11D3-BF4B-00C04F79EFBC}") = "Slot3_UsingTaskDemonstration04", "Slot2_UsingTaskDemonstration04\Slot3_UsingTaskDemonstration04.csproj", "{63174B24-983F-4D86-9340-B60100E2BE1D}"
EndProject
Global
	GlobalSection(SolutionConfigurationPlatforms) = preSolution
		Debug|Any CPU = Debug|Any CPU
		Release|Any CPU = Release|Any CPU
	EndGlobalSection
	GlobalSection(ProjectConfigurationPlatforms) = postSolution
		{94764D67-1D0D-4F3C-8907-9C965FCA56FF}.Debug|Any CPU.ActiveCfg = Debug|Any CPU
		{94764D67-1D0D-4F3C-8907-9C965FCA56FF}.Debug|Any CPU.Build.0 = Debug|Any CPU
		{94764D67-1D0D-4F3C-8907-9C965FCA56FF}.Release|Any CPU.ActiveCfg = Release|Any CPU
		{94764D67-1D0D-4F3C-8907-9C965FCA56FF}.Release|Any CPU.Build.0 = Release|Any CPU
		{A4C306AF-9063-4ED7-8D83-F5C76C834507}.Debug|Any CPU.ActiveCfg = Debug|Any CPU
		{A4C306AF-9063-4ED7-8D83-F5C76C834507}.Debug|Any CPU.Build.0 = Debug|Any CPU
		{A4C306AF-9063-4ED7-8D83-F5C76C834507}.Release|Any CPU.ActiveCfg = Release|Any CPU
		{A4C306AF-9063-4ED7-8D83-F5C76C834507}.Release|Any CPU.Build.0 = Release|Any CPU
		{4D64A992-9928-46C1-85AC-B7BAA371C0CC}.Debug|Any CPU.ActiveCfg = Debug|Any CPU
		{4D64A992-9928-46C1-85AC-B7BAA371C0CC}.Debug|Any CPU.Build.0 = Debug|Any CPU
		{4D64A992-9928-46C1-85AC-B7BAA371C0CC}.Release|Any CPU.ActiveCfg = Release|Any CPU
		{4D64A992-9928-46C1-85AC-B7BAA371C0CC}.Release|Any CPU.Build.0 = Release|Any CPU
		{41EFB872-3A4B-4D65-8592-4CBDCDE13FAB}.Debug|Any CPU.ActiveCfg = Debug|Any CPU
		{41EFB872-3A4B-4D65-8592-4CBDCDE13FAB}.Debug|Any CPU.Build.0 = Debug|Any CPU
		{41EFB872-3A4B-4D65-8592-4CBDCDE13FAB}.Release|Any CPU.ActiveCfg = Release|Any CPU
		{41EFB872-3A4B-4D65-8592-4CBDCDE13FAB}.Release|Any CPU.Build.0 = Release|Any CPU
		{945D2B96-BED6-436E-A7CD-A60A7183B68C}.Debug|Any CPU.ActiveCfg = Debug|Any CPU
		{945D2B96-BED6-436E-A7CD-A60A7183B68C}.Debug|Any CPU.Build.0 = Debug|Any CPU
		{945D2B96-BED6-436E-A7CD-A60A7183B68C}.Release|Any CPU.ActiveCfg = Release|Any CPU
		{945D2B96-BED6-436E-A7CD-A60A7183B68C}.Release|Any CPU.Build.0 = Release|Any CPU
		{867305BE-60D2-4F8B-A553-17C35E160A6A}.Debug|Any CPU.ActiveCfg = Debug|Any CPU
		{867305BE-60D2-4F8B-A553-17C35E160A6A}.Debug|Any CPU.Build.0 = Debug|Any CPU
		{867305BE-60D2-4F8B-A553-17C35E160A6A}.Release|Any CPU.ActiveCfg = Release|Any CPU
		{867305BE-60D2-4F8B-A553-17C35E160A6A}.Release|Any CPU.Build.0 = Release|Any CPU
		{E81A8DFB-1EF7-4A07-8C94-F7398EC6CB56}.Debug|Any CPU.ActiveCfg = Debug|Any CPU
		{E81A8DFB-1EF7-4A07-8C94-F7398EC6CB56}.Debug|Any CPU.Build.0 = Debug|Any CPU
		{E81A8DFB-1EF7-4A07-8C94-F7398EC6CB56}.Release|Any CPU.ActiveCfg = Release|Any CPU
		{E81A8DFB-1EF7-4A07-8C94-F7398EC6CB56}.Release|Any CPU.Build.0 = Release|Any CPU
		{63174B24-983F-4D86-9340-B60100E2BE1D}.Debug|Any CPU.ActiveCfg = Debug|Any CPU
		{63174B24-983F-4D86-9340-B60100E2BE1D}.Debug|Any CPU.Build.0 = Debug|Any CPU
		{63174B24-983F-4D86-9340-B60100E2BE1D}.Release|Any CPU.ActiveCfg = Release|Any CPU
		{63174B24-983F-4D86-9340-B60100E2BE1D}.Release|Any CPU.Build.0 = Release|Any CPU
	EndGlobalSection
	GlobalSection(SolutionProperties) = preSolution
		HideSolutionNode = FALSE
	EndGlobalSection
	GlobalSection(ExtensibilityGlobals) = postSolution
		SolutionGuid = {05C93257-2DEF-4C0B-8E2F-69B0DC68C436}
	EndGlobalSection
EndGlobal
