
Microsoft Visual Studio Solution File, Format Version 12.00
# Visual Studio Version 17
VisualStudioVersion = 17.9.34728.123
MinimumVisualStudioVersion = 10.0.40219.1
Project("{9A19103F-16F7-4668-BE54-9A1E7A4F7556}") = "webrequest_res_demo", "webrequest_res_demo\webrequest_res_demo.csproj", "{94764D67-1D0D-4F3C-8907-9C965FCA56FF}"
EndProject
Project("{FAE04EC0-301F-11D3-BF4B-00C04F79EFBC}") = "slot1_DemoHttpClient", "slot1_httpclientClass\slot1_DemoHttpClient.csproj", "{A4C306AF-9063-4ED7-8D83-F5C76C834507}"
EndProject
Project("{FAE04EC0-301F-11D3-BF4B-00C04F79EFBC}") = "ServerApp", "ServerApp\ServerApp.csproj", "{4D64A992-9928-46C1-85AC-B7BAA371C0CC}"
EndProject
Project("{FAE04EC0-301F-11D3-BF4B-00C04F79EFBC}") = "ClientApp", "ClientApp\ClientApp.csproj", "{41EFB872-3A4B-4D65-8592-4CBDCDE13FAB}"
EndProject
Global
	GlobalSection(SolutionConfigurationPlatforms) = preSolution
		Debug|Any CPU = Debug|Any CPU
		Release|Any CPU = Release|Any CPU
	EndGlobalSection
	GlobalSection(ProjectConfigurationPlatforms) = postSolution
		{94764D67-1D0D-4F3C-8907-9C965FCA56FF}.Debug|Any CPU.ActiveCfg = Debug|Any CPU
		{94764D67-1D0D-4F3C-8907-9C965FCA56FF}.Debug|Any CPU.Build.0 = Debug|Any CPU
		{94764D67-1D0D-4F3C-8907-9C965FCA56FF}.Release|Any CPU.ActiveCfg = Release|Any CPU
		{94764D67-1D0D-4F3C-8907-9C965FCA56FF}.Release|Any CPU.Build.0 = Release|Any CPU
		{A4C306AF-9063-4ED7-8D83-F5C76C834507}.Debug|Any CPU.ActiveCfg = Debug|Any CPU
		{A4C306AF-9063-4ED7-8D83-F5C76C834507}.Debug|Any CPU.Build.0 = Debug|Any CPU
		{A4C306AF-9063-4ED7-8D83-F5C76C834507}.Release|Any CPU.ActiveCfg = Release|Any CPU
		{A4C306AF-9063-4ED7-8D83-F5C76C834507}.Release|Any CPU.Build.0 = Release|Any CPU
		{4D64A992-9928-46C1-85AC-B7BAA371C0CC}.Debug|Any CPU.ActiveCfg = Debug|Any CPU
		{4D64A992-9928-46C1-85AC-B7BAA371C0CC}.Debug|Any CPU.Build.0 = Debug|Any CPU
		{4D64A992-9928-46C1-85AC-B7BAA371C0CC}.Release|Any CPU.ActiveCfg = Release|Any CPU
		{4D64A992-9928-46C1-85AC-B7BAA371C0CC}.Release|Any CPU.Build.0 = Release|Any CPU
		{41EFB872-3A4B-4D65-8592-4CBDCDE13FAB}.Debug|Any CPU.ActiveCfg = Debug|Any CPU
		{41EFB872-3A4B-4D65-8592-4CBDCDE13FAB}.Debug|Any CPU.Build.0 = Debug|Any CPU
		{41EFB872-3A4B-4D65-8592-4CBDCDE13FAB}.Release|Any CPU.ActiveCfg = Release|Any CPU
		{41EFB872-3A4B-4D65-8592-4CBDCDE13FAB}.Release|Any CPU.Build.0 = Release|Any CPU
	EndGlobalSection
	GlobalSection(SolutionProperties) = preSolution
		HideSolutionNode = FALSE
	EndGlobalSection
	GlobalSection(ExtensibilityGlobals) = postSolution
		SolutionGuid = {05C93257-2DEF-4C0B-8E2F-69B0DC68C436}
	EndGlobalSection
EndGlobal
